
Microsoft Visual Studio Solution File, Format Version 12.00
# Visual Studio Version 17
VisualStudioVersion = 17.2.32519.379
MinimumVisualStudioVersion = 10.0.40219.1
Project("{54A90642-561A-4BB1-A94E-469ADEE60C69}") = "Frontend", "frontend\Frontend.esproj", "{BD588EE3-1317-42FE-816B-31520CF874A3}"
	ProjectSection(ProjectDependencies) = postProject
		{1D943302-F455-4B35-A312-65330669EC15} = {1D943302-F455-4B35-A312-65330669EC15}
	EndProjectSection
EndProject
Project("{9A19103F-16F7-4668-BE54-9A1E7A4F7556}") = "Tests", "tests\Tests.csproj", "{67EDEDDF-7D49-4250-8F7A-79C200DA97C7}"
	ProjectSection(ProjectDependencies) = postProject
		{F141C916-7CFC-40FA-824D-696F7A3C6B13} = {F141C916-7CFC-40FA-824D-696F7A3C6B13}
	EndProjectSection
EndProject
Project("{9A19103F-16F7-4668-BE54-9A1E7A4F7556}") = "ConsoleDebug", "console-debug\ConsoleDebug.csproj", "{7BA99F95-71A7-4405-B84C-A593095F4402}"
	ProjectSection(ProjectDependencies) = postProject
		{F141C916-7CFC-40FA-824D-696F7A3C6B13} = {F141C916-7CFC-40FA-824D-696F7A3C6B13}
	EndProjectSection
EndProject
Project("{9A19103F-16F7-4668-BE54-9A1E7A4F7556}") = "ParallelDB", "paralleldb\ParallelDB.csproj", "{F141C916-7CFC-40FA-824D-696F7A3C6B13}"
EndProject
Project("{9A19103F-16F7-4668-BE54-9A1E7A4F7556}") = "Api", "api\Api.csproj", "{1D943302-F455-4B35-A312-65330669EC15}"
	ProjectSection(ProjectDependencies) = postProject
		{F141C916-7CFC-40FA-824D-696F7A3C6B13} = {F141C916-7CFC-40FA-824D-696F7A3C6B13}
	EndProjectSection
EndProject
Global
	GlobalSection(SolutionConfigurationPlatforms) = preSolution
		Debug|Any CPU = Debug|Any CPU
		Release|Any CPU = Release|Any CPU
	EndGlobalSection
	GlobalSection(ProjectConfigurationPlatforms) = postSolution
		{BD588EE3-1317-42FE-816B-31520CF874A3}.Debug|Any CPU.ActiveCfg = Debug|Any CPU
		{BD588EE3-1317-42FE-816B-31520CF874A3}.Debug|Any CPU.Build.0 = Debug|Any CPU
		{BD588EE3-1317-42FE-816B-31520CF874A3}.Debug|Any CPU.Deploy.0 = Debug|Any CPU
		{BD588EE3-1317-42FE-816B-31520CF874A3}.Release|Any CPU.ActiveCfg = Release|Any CPU
		{BD588EE3-1317-42FE-816B-31520CF874A3}.Release|Any CPU.Build.0 = Release|Any CPU
		{BD588EE3-1317-42FE-816B-31520CF874A3}.Release|Any CPU.Deploy.0 = Release|Any CPU
		{67EDEDDF-7D49-4250-8F7A-79C200DA97C7}.Debug|Any CPU.ActiveCfg = Debug|Any CPU
		{67EDEDDF-7D49-4250-8F7A-79C200DA97C7}.Debug|Any CPU.Build.0 = Debug|Any CPU
		{67EDEDDF-7D49-4250-8F7A-79C200DA97C7}.Release|Any CPU.ActiveCfg = Release|Any CPU
		{67EDEDDF-7D49-4250-8F7A-79C200DA97C7}.Release|Any CPU.Build.0 = Release|Any CPU
		{7BA99F95-71A7-4405-B84C-A593095F4402}.Debug|Any CPU.ActiveCfg = Debug|Any CPU
		{7BA99F95-71A7-4405-B84C-A593095F4402}.Debug|Any CPU.Build.0 = Debug|Any CPU
		{7BA99F95-71A7-4405-B84C-A593095F4402}.Release|Any CPU.ActiveCfg = Release|Any CPU
		{7BA99F95-71A7-4405-B84C-A593095F4402}.Release|Any CPU.Build.0 = Release|Any CPU
		{F141C916-7CFC-40FA-824D-696F7A3C6B13}.Debug|Any CPU.ActiveCfg = Debug|Any CPU
		{F141C916-7CFC-40FA-824D-696F7A3C6B13}.Debug|Any CPU.Build.0 = Debug|Any CPU
		{F141C916-7CFC-40FA-824D-696F7A3C6B13}.Release|Any CPU.ActiveCfg = Release|Any CPU
		{F141C916-7CFC-40FA-824D-696F7A3C6B13}.Release|Any CPU.Build.0 = Release|Any CPU
		{1D943302-F455-4B35-A312-65330669EC15}.Debug|Any CPU.ActiveCfg = Debug|Any CPU
		{1D943302-F455-4B35-A312-65330669EC15}.Debug|Any CPU.Build.0 = Debug|Any CPU
		{1D943302-F455-4B35-A312-65330669EC15}.Release|Any CPU.ActiveCfg = Release|Any CPU
		{1D943302-F455-4B35-A312-65330669EC15}.Release|Any CPU.Build.0 = Release|Any CPU
	EndGlobalSection
	GlobalSection(SolutionProperties) = preSolution
		HideSolutionNode = FALSE
	EndGlobalSection
	GlobalSection(ExtensibilityGlobals) = postSolution
		SolutionGuid = {EA578943-B6E9-4138-AB4D-9A48ABF488E5}
	EndGlobalSection
EndGlobal
